
Microsoft Visual Studio Solution File, Format Version 12.00
# Visual Studio Version 17
VisualStudioVersion = 17.0.31903.59
MinimumVisualStudioVersion = 10.0.40219.1
Project("{FAE04EC0-301F-11D3-BF4B-00C04F79EFBC}") = "CatalogApi.Tests", "CatalogApi.Tests\CatalogApi.Tests.csproj", "{3E7065EC-D7FC-47E4-8EDD-4E0D4B817656}"
EndProject
Project("{FAE04EC0-301F-11D3-BF4B-00C04F79EFBC}") = "CatalogoApi", "src\CatalogoApi.csproj", "{DD706AEA-F6B5-4EE3-892A-DE6DE4515474}"
EndProject
Global
	GlobalSection(SolutionConfigurationPlatforms) = preSolution
		Debug|Any CPU = Debug|Any CPU
		Release|Any CPU = Release|Any CPU
	EndGlobalSection
	GlobalSection(SolutionProperties) = preSolution
		HideSolutionNode = FALSE
	EndGlobalSection
	GlobalSection(ProjectConfigurationPlatforms) = postSolution
		{3E7065EC-D7FC-47E4-8EDD-4E0D4B817656}.Debug|Any CPU.ActiveCfg = Debug|Any CPU
		{3E7065EC-D7FC-47E4-8EDD-4E0D4B817656}.Debug|Any CPU.Build.0 = Debug|Any CPU
		{3E7065EC-D7FC-47E4-8EDD-4E0D4B817656}.Release|Any CPU.ActiveCfg = Release|Any CPU
		{3E7065EC-D7FC-47E4-8EDD-4E0D4B817656}.Release|Any CPU.Build.0 = Release|Any CPU
		{DD706AEA-F6B5-4EE3-892A-DE6DE4515474}.Debug|Any CPU.ActiveCfg = Debug|Any CPU
		{DD706AEA-F6B5-4EE3-892A-DE6DE4515474}.Debug|Any CPU.Build.0 = Debug|Any CPU
		{DD706AEA-F6B5-4EE3-892A-DE6DE4515474}.Release|Any CPU.ActiveCfg = Release|Any CPU
		{DD706AEA-F6B5-4EE3-892A-DE6DE4515474}.Release|Any CPU.Build.0 = Release|Any CPU
	EndGlobalSection
EndGlobal
